# @generated by Move, please check-in and do not edit manually.

[move]
version = 3
manifest_digest = "C525FC5A143EB88644ED63D0918A53796F2B55291CCE0F154BDCAB1B1DED0C6E"
deps_digest = "F8BBB0CCB2491CA29A3DF03D6F92277A4F3574266507ACD77214D37ECA3F3082"
dependencies = [
  { id = "Iota", name = "Iota" },
]

[[move.package]]
id = "Iota"
source = { git = "https://github.com/iotaledger/iota.git", rev = "mainnet", subdir = "crates/iota-framework/packages/iota-framework" }

dependencies = [
  { id = "MoveStdlib", name = "MoveStdlib" },
]

[[move.package]]
id = "MoveStdlib"
source = { git = "https://github.com/iotaledger/iota.git", rev = "mainnet", subdir = "crates/iota-framework/packages/move-stdlib" }

[move.toolchain-version]
compiler-version = "1.11.0-rc"
edition = "2024"
flavor = "iota"

[env]

[env.testnet]
chain-id = "2304aa97"
original-published-id = "0x737e8728621e615a706e76ab5e3c9a0aa89ad25b56e6eb1ee60480db86fcd30a"
latest-published-id = "0x737e8728621e615a706e76ab5e3c9a0aa89ad25b56e6eb1ee60480db86fcd30a"
published-version = "1"
